
Microsoft Visual Studio Solution File, Format Version 12.00
# Visual Studio Version 16
VisualStudioVersion = 16.0.30907.101
MinimumVisualStudioVersion = 10.0.40219.1
Project("{9A19103F-16F7-4668-BE54-9A1E7A4F7556}") = "Commander", "Commander.csproj", "{8144B87B-511E-4C21-B77B-1AD5BEFFA27E}"
EndProject
Global
	GlobalSection(SolutionConfigurationPlatforms) = preSolution
		Debug|Any CPU = Debug|Any CPU
		Release|Any CPU = Release|Any CPU
	EndGlobalSection
	GlobalSection(ProjectConfigurationPlatforms) = postSolution
		{8144B87B-511E-4C21-B77B-1AD5BEFFA27E}.Debug|Any CPU.ActiveCfg = Debug|Any CPU
		{8144B87B-511E-4C21-B77B-1AD5BEFFA27E}.Debug|Any CPU.Build.0 = Debug|Any CPU
		{8144B87B-511E-4C21-B77B-1AD5BEFFA27E}.Release|Any CPU.ActiveCfg = Release|Any CPU
		{8144B87B-511E-4C21-B77B-1AD5BEFFA27E}.Release|Any CPU.Build.0 = Release|Any CPU
	EndGlobalSection
	GlobalSection(SolutionProperties) = preSolution
		HideSolutionNode = FALSE
	EndGlobalSection
	GlobalSection(ExtensibilityGlobals) = postSolution
		SolutionGuid = {B31A4C27-3DDB-48B3-BCAA-C6A918D67819}
	EndGlobalSection
EndGlobal
